// !$*UTF8*$!
{
	archiveVersion = 1;
	classes = {
	};
	objectVersion = 50;
	objects = {

/* Begin PBXBuildFile section */
		FC4371A124DFCD8100B13AB2 /* Grid.swift in Sources */ = {isa = PBXBuildFile; fileRef = FC4371A024DFCD8100B13AB2 /* Grid.swift */; };
		FC4371A324E1942B00B13AB2 /* GridLayout.swift in Sources */ = {isa = PBXBuildFile; fileRef = FC4371A224E1942B00B13AB2 /* GridLayout.swift */; };
		FC4F671524E50F4400294F99 /* Array+Identifiable.swift in Sources */ = {isa = PBXBuildFile; fileRef = FC4F671424E50F4400294F99 /* Array+Identifiable.swift */; };
		FC4F671724E630EC00294F99 /* Array+Only.swift in Sources */ = {isa = PBXBuildFile; fileRef = FC4F671624E630EC00294F99 /* Array+Only.swift */; };
		FC5110E724C955A000A8A0E4 /* AppDelegate.swift in Sources */ = {isa = PBXBuildFile; fileRef = FC5110E624C955A000A8A0E4 /* AppDelegate.swift */; };
		FC5110E924C955A000A8A0E4 /* SceneDelegate.swift in Sources */ = {isa = PBXBuildFile; fileRef = FC5110E824C955A000A8A0E4 /* SceneDelegate.swift */; };
		FC5110EB24C955A000A8A0E4 /* EmojiMemoryGameView.swift in Sources */ = {isa = PBXBuildFile; fileRef = FC5110EA24C955A000A8A0E4 /* EmojiMemoryGameView.swift */; };
		FC5110ED24C955A200A8A0E4 /* Assets.xcassets in Resources */ = {isa = PBXBuildFile; fileRef = FC5110EC24C955A200A8A0E4 /* Assets.xcassets */; };
		FC5110F024C955A200A8A0E4 /* Preview Assets.xcassets in Resources */ = {isa = PBXBuildFile; fileRef = FC5110EF24C955A200A8A0E4 /* Preview Assets.xcassets */; };
		FC5110F324C955A200A8A0E4 /* LaunchScreen.storyboard in Resources */ = {isa = PBXBuildFile; fileRef = FC5110F124C955A200A8A0E4 /* LaunchScreen.storyboard */; };
		FC9685C224CD7B6F00687DCE /* MemoryGame.swift in Sources */ = {isa = PBXBuildFile; fileRef = FC9685C124CD7B6F00687DCE /* MemoryGame.swift */; };
		FC9685C424CD9BBA00687DCE /* EmojiMemoryGame.swift in Sources */ = {isa = PBXBuildFile; fileRef = FC9685C324CD9BBA00687DCE /* EmojiMemoryGame.swift */; };
/* End PBXBuildFile section */

/* Begin PBXFileReference section */
		FC4371A024DFCD8100B13AB2 /* Grid.swift */ = {isa = PBXFileReference; lastKnownFileType = sourcecode.swift; path = Grid.swift; sourceTree = "<group>"; };
		FC4371A224E1942B00B13AB2 /* GridLayout.swift */ = {isa = PBXFileReference; fileEncoding = 4; lastKnownFileType = sourcecode.swift; name = GridLayout.swift; path = ../../GridLayout.swift; sourceTree = "<group>"; };
		FC4F671424E50F4400294F99 /* Array+Identifiable.swift */ = {isa = PBXFileReference; lastKnownFileType = sourcecode.swift; path = "Array+Identifiable.swift"; sourceTree = "<group>"; };
		FC4F671624E630EC00294F99 /* Array+Only.swift */ = {isa = PBXFileReference; lastKnownFileType = sourcecode.swift; path = "Array+Only.swift"; sourceTree = "<group>"; };
		FC5110E324C955A000A8A0E4 /* Memorize.app */ = {isa = PBXFileReference; explicitFileType = wrapper.application; includeInIndex = 0; path = Memorize.app; sourceTree = BUILT_PRODUCTS_DIR; };
		FC5110E624C955A000A8A0E4 /* AppDelegate.swift */ = {isa = PBXFileReference; lastKnownFileType = sourcecode.swift; path = AppDelegate.swift; sourceTree = "<group>"; };
		FC5110E824C955A000A8A0E4 /* SceneDelegate.swift */ = {isa = PBXFileReference; lastKnownFileType = sourcecode.swift; path = SceneDelegate.swift; sourceTree = "<group>"; };
		FC5110EA24C955A000A8A0E4 /* EmojiMemoryGameView.swift */ = {isa = PBXFileReference; lastKnownFileType = sourcecode.swift; path = EmojiMemoryGameView.swift; sourceTree = "<group>"; };
		FC5110EC24C955A200A8A0E4 /* Assets.xcassets */ = {isa = PBXFileReference; lastKnownFileType = folder.assetcatalog; path = Assets.xcassets; sourceTree = "<group>"; };
		FC5110EF24C955A200A8A0E4 /* Preview Assets.xcassets */ = {isa = PBXFileReference; lastKnownFileType = folder.assetcatalog; path = "Preview Assets.xcassets"; sourceTree = "<group>"; };
		FC5110F224C955A200A8A0E4 /* Base */ = {isa = PBXFileReference; lastKnownFileType = file.storyboard; name = Base; path = Base.lproj/LaunchScreen.storyboard; sourceTree = "<group>"; };
		FC5110F424C955A200A8A0E4 /* Info.plist */ = {isa = PBXFileReference; lastKnownFileType = text.plist.xml; path = Info.plist; sourceTree = "<group>"; };
		FC9685C124CD7B6F00687DCE /* MemoryGame.swift */ = {isa = PBXFileReference; lastKnownFileType = sourcecode.swift; path = MemoryGame.swift; sourceTree = SOURCE_ROOT; };
		FC9685C324CD9BBA00687DCE /* EmojiMemoryGame.swift */ = {isa = PBXFileReference; lastKnownFileType = sourcecode.swift; path = EmojiMemoryGame.swift; sourceTree = "<group>"; };
/* End PBXFileReference section */

/* Begin PBXFrameworksBuildPhase section */
		FC5110E024C955A000A8A0E4 /* Frameworks */ = {
			isa = PBXFrameworksBuildPhase;
			buildActionMask = 2147483647;
			files = (
			);
			runOnlyForDeploymentPostprocessing = 0;
		};
/* End PBXFrameworksBuildPhase section */

/* Begin PBXGroup section */
		FC5110DA24C955A000A8A0E4 = {
			isa = PBXGroup;
			children = (
				FC5110E524C955A000A8A0E4 /* Memorize */,
				FC5110E424C955A000A8A0E4 /* Products */,
			);
			sourceTree = "<group>";
		};
		FC5110E424C955A000A8A0E4 /* Products */ = {
			isa = PBXGroup;
			children = (
				FC5110E324C955A000A8A0E4 /* Memorize.app */,
			);
			name = Products;
			sourceTree = "<group>";
		};
		FC5110E524C955A000A8A0E4 /* Memorize */ = {
			isa = PBXGroup;
			children = (
				FC5110E624C955A000A8A0E4 /* AppDelegate.swift */,
				FC5110E824C955A000A8A0E4 /* SceneDelegate.swift */,
				FC5110EA24C955A000A8A0E4 /* EmojiMemoryGameView.swift */,
				FC4371A024DFCD8100B13AB2 /* Grid.swift */,
				FC4F671424E50F4400294F99 /* Array+Identifiable.swift */,
				FC4371A224E1942B00B13AB2 /* GridLayout.swift */,
				FC9685C324CD9BBA00687DCE /* EmojiMemoryGame.swift */,
				FC9685C124CD7B6F00687DCE /* MemoryGame.swift */,
				FC4F671624E630EC00294F99 /* Array+Only.swift */,
				FC5110EC24C955A200A8A0E4 /* Assets.xcassets */,
				FC5110F124C955A200A8A0E4 /* LaunchScreen.storyboard */,
				FC5110F424C955A200A8A0E4 /* Info.plist */,
				FC5110EE24C955A200A8A0E4 /* Preview Content */,
			);
			path = Memorize;
			sourceTree = "<group>";
		};
		FC5110EE24C955A200A8A0E4 /* Preview Content */ = {
			isa = PBXGroup;
			children = (
				FC5110EF24C955A200A8A0E4 /* Preview Assets.xcassets */,
			);
			path = "Preview Content";
			sourceTree = "<group>";
		};
/* End PBXGroup section */

/* Begin PBXNativeTarget section */
		FC5110E224C955A000A8A0E4 /* Memorize */ = {
			isa = PBXNativeTarget;
			buildConfigurationList = FC5110F724C955A200A8A0E4 /* Build configuration list for PBXNativeTarget "Memorize" */;
			buildPhases = (
				FC5110DF24C955A000A8A0E4 /* Sources */,
				FC5110E024C955A000A8A0E4 /* Frameworks */,
				FC5110E124C955A000A8A0E4 /* Resources */,
			);
			buildRules = (
			);
			dependencies = (
			);
			name = Memorize;
			productName = Memorize;
			productReference = FC5110E324C955A000A8A0E4 /* Memorize.app */;
			productType = "com.apple.product-type.application";
		};
/* End PBXNativeTarget section */

/* Begin PBXProject section */
		FC5110DB24C955A000A8A0E4 /* Project object */ = {
			isa = PBXProject;
			attributes = {
				LastSwiftUpdateCheck = 1160;
				LastUpgradeCheck = 1160;
				ORGANIZATIONNAME = weicongxie;
				TargetAttributes = {
					FC5110E224C955A000A8A0E4 = {
						CreatedOnToolsVersion = 11.6;
					};
				};
			};
			buildConfigurationList = FC5110DE24C955A000A8A0E4 /* Build configuration list for PBXProject "Memorize" */;
			compatibilityVersion = "Xcode 9.3";
			developmentRegion = en;
			hasScannedForEncodings = 0;
			knownRegions = (
				en,
				Base,
			);
			mainGroup = FC5110DA24C955A000A8A0E4;
			productRefGroup = FC5110E424C955A000A8A0E4 /* Products */;
			projectDirPath = "";
			projectRoot = "";
			targets = (
				FC5110E224C955A000A8A0E4 /* Memorize */,
			);
		};
/* End PBXProject section */

/* Begin PBXResourcesBuildPhase section */
		FC5110E124C955A000A8A0E4 /* Resources */ = {
			isa = PBXResourcesBuildPhase;
			buildActionMask = 2147483647;
			files = (
				FC5110F324C955A200A8A0E4 /* LaunchScreen.storyboard in Resources */,
				FC5110F024C955A200A8A0E4 /* Preview Assets.xcassets in Resources */,
				FC5110ED24C955A200A8A0E4 /* Assets.xcassets in Resources */,
			);
			runOnlyForDeploymentPostprocessing = 0;
		};
/* End PBXResourcesBuildPhase section */

/* Begin PBXSourcesBuildPhase section */
		FC5110DF24C955A000A8A0E4 /* Sources */ = {
			isa = PBXSourcesBuildPhase;
			buildActionMask = 2147483647;
			files = (
				FC5110E724C955A000A8A0E4 /* AppDelegate.swift in Sources */,
				FC5110E924C955A000A8A0E4 /* SceneDelegate.swift in Sources */,
				FC9685C224CD7B6F00687DCE /* MemoryGame.swift in Sources */,
				FC4F671724E630EC00294F99 /* Array+Only.swift in Sources */,
				FC5110EB24C955A000A8A0E4 /* EmojiMemoryGameView.swift in Sources */,
				FC9685C424CD9BBA00687DCE /* EmojiMemoryGame.swift in Sources */,
				FC4F671524E50F4400294F99 /* Array+Identifiable.swift in Sources */,
				FC4371A324E1942B00B13AB2 /* GridLayout.swift in Sources */,
				FC4371A124DFCD8100B13AB2 /* Grid.swift in Sources */,
			);
			runOnlyForDeploymentPostprocessing = 0;
		};
/* End PBXSourcesBuildPhase section */

/* Begin PBXVariantGroup section */
		FC5110F124C955A200A8A0E4 /* LaunchScreen.storyboard */ = {
			isa = PBXVariantGroup;
			children = (
				FC5110F224C955A200A8A0E4 /* Base */,
			);
			name = LaunchScreen.storyboard;
			sourceTree = "<group>";
		};
/* End PBXVariantGroup section */

/* Begin XCBuildConfiguration section */
		FC5110F524C955A200A8A0E4 /* Debug */ = {
			isa = XCBuildConfiguration;
			buildSettings = {
				ALWAYS_SEARCH_USER_PATHS = NO;
				CLANG_ANALYZER_NONNULL = YES;
				CLANG_ANALYZER_NUMBER_OBJECT_CONVERSION = YES_AGGRESSIVE;
				CLANG_CXX_LANGUAGE_STANDARD = "gnu++14";
				CLANG_CXX_LIBRARY = "libc++";
				CLANG_ENABLE_MODULES = YES;
				CLANG_ENABLE_OBJC_ARC = YES;
				CLANG_ENABLE_OBJC_WEAK = YES;
				CLANG_WARN_BLOCK_CAPTURE_AUTORELEASING = YES;
				CLANG_WARN_BOOL_CONVERSION = YES;
				CLANG_WARN_COMMA = YES;
				CLANG_WARN_CONSTANT_CONVERSION = YES;
				CLANG_WARN_DEPRECATED_OBJC_IMPLEMENTATIONS = YES;
				CLANG_WARN_DIRECT_OBJC_ISA_USAGE = YES_ERROR;
				CLANG_WARN_DOCUMENTATION_COMMENTS = YES;
				CLANG_WARN_EMPTY_BODY = YES;
				CLANG_WARN_ENUM_CONVERSION = YES;
				CLANG_WARN_INFINITE_RECURSION = YES;
				CLANG_WARN_INT_CONVERSION = YES;
				CLANG_WARN_NON_LITERAL_NULL_CONVERSION = YES;
				CLANG_WARN_OBJC_IMPLICIT_RETAIN_SELF = YES;
				CLANG_WARN_OBJC_LITERAL_CONVERSION = YES;
				CLANG_WARN_OBJC_ROOT_CLASS = YES_ERROR;
				CLANG_WARN_RANGE_LOOP_ANALYSIS = YES;
				CLANG_WARN_STRICT_PROTOTYPES = YES;
				CLANG_WARN_SUSPICIOUS_MOVE = YES;
				CLANG_WARN_UNGUARDED_AVAILABILITY = YES_AGGRESSIVE;
				CLANG_WARN_UNREACHABLE_CODE = YES;
				CLANG_WARN__DUPLICATE_METHOD_MATCH = YES;
				COPY_PHASE_STRIP = NO;
				DEBUG_INFORMATION_FORMAT = dwarf;
				ENABLE_STRICT_OBJC_MSGSEND = YES;
				ENABLE_TESTABILITY = YES;
				GCC_C_LANGUAGE_STANDARD = gnu11;
				GCC_DYNAMIC_NO_PIC = NO;
				GCC_NO_COMMON_BLOCKS = YES;
				GCC_OPTIMIZATION_LEVEL = 0;
				GCC_PREPROCESSOR_DEFINITIONS = (
					"DEBUG=1",
					"$(inherited)",
				);
				GCC_WARN_64_TO_32_BIT_CONVERSION = YES;
				GCC_WARN_ABOUT_RETURN_TYPE = YES_ERROR;
				GCC_WARN_UNDECLARED_SELECTOR = YES;
				GCC_WARN_UNINITIALIZED_AUTOS = YES_AGGRESSIVE;
				GCC_WARN_UNUSED_FUNCTION = YES;
				GCC_WARN_UNUSED_VARIABLE = YES;
				IPHONEOS_DEPLOYMENT_TARGET = 13.6;
				MTL_ENABLE_DEBUG_INFO = INCLUDE_SOURCE;
				MTL_FAST_MATH = YES;
				ONLY_ACTIVE_ARCH = YES;
				SDKROOT = iphoneos;
				SWIFT_ACTIVE_COMPILATION_CONDITIONS = DEBUG;
				SWIFT_OPTIMIZATION_LEVEL = "-Onone";
			};
			name = Debug;
		};
		FC5110F624C955A200A8A0E4 /* Release */ = {
			isa = XCBuildConfiguration;
			buildSettings = {
				ALWAYS_SEARCH_USER_PATHS = NO;
				CLANG_ANALYZER_NONNULL = YES;
				CLANG_ANALYZER_NUMBER_OBJECT_CONVERSION = YES_AGGRESSIVE;
				CLANG_CXX_LANGUAGE_STANDARD = "gnu++14";
				CLANG_CXX_LIBRARY = "libc++";
				CLANG_ENABLE_MODULES = YES;
				CLANG_ENABLE_OBJC_ARC = YES;
				CLANG_ENABLE_OBJC_WEAK = YES;
				CLANG_WARN_BLOCK_CAPTURE_AUTORELEASING = YES;
				CLANG_WARN_BOOL_CONVERSION = YES;
				CLANG_WARN_COMMA = YES;
				CLANG_WARN_CONSTANT_CONVERSION = YES;
				CLANG_WARN_DEPRECATED_OBJC_IMPLEMENTATIONS = YES;
				CLANG_WARN_DIRECT_OBJC_ISA_USAGE = YES_ERROR;
				CLANG_WARN_DOCUMENTATION_COMMENTS = YES;
				CLANG_WARN_EMPTY_BODY = YES;
				CLANG_WARN_ENUM_CONVERSION = YES;
				CLANG_WARN_INFINITE_RECURSION = YES;
				CLANG_WARN_INT_CONVERSION = YES;
				CLANG_WARN_NON_LITERAL_NULL_CONVERSION = YES;
				CLANG_WARN_OBJC_IMPLICIT_RETAIN_SELF = YES;
				CLANG_WARN_OBJC_LITERAL_CONVERSION = YES;
				CLANG_WARN_OBJC_ROOT_CLASS = YES_ERROR;
				CLANG_WARN_RANGE_LOOP_ANALYSIS = YES;
				CLANG_WARN_STRICT_PROTOTYPES = YES;
				CLANG_WARN_SUSPICIOUS_MOVE = YES;
				CLANG_WARN_UNGUARDED_AVAILABILITY = YES_AGGRESSIVE;
				CLANG_WARN_UNREACHABLE_CODE = YES;
				CLANG_WARN__DUPLICATE_METHOD_MATCH = YES;
				COPY_PHASE_STRIP = NO;
				DEBUG_INFORMATION_FORMAT = "dwarf-with-dsym";
				ENABLE_NS_ASSERTIONS = NO;
				ENABLE_STRICT_OBJC_MSGSEND = YES;
				GCC_C_LANGUAGE_STANDARD = gnu11;
				GCC_NO_COMMON_BLOCKS = YES;
				GCC_WARN_64_TO_32_BIT_CONVERSION = YES;
				GCC_WARN_ABOUT_RETURN_TYPE = YES_ERROR;
				GCC_WARN_UNDECLARED_SELECTOR = YES;
				GCC_WARN_UNINITIALIZED_AUTOS = YES_AGGRESSIVE;
				GCC_WARN_UNUSED_FUNCTION = YES;
				GCC_WARN_UNUSED_VARIABLE = YES;
				IPHONEOS_DEPLOYMENT_TARGET = 13.6;
				MTL_ENABLE_DEBUG_INFO = NO;
				MTL_FAST_MATH = YES;
				SDKROOT = iphoneos;
				SWIFT_COMPILATION_MODE = wholemodule;
				SWIFT_OPTIMIZATION_LEVEL = "-O";
				VALIDATE_PRODUCT = YES;
			};
			name = Release;
		};
		FC5110F824C955A200A8A0E4 /* Debug */ = {
			isa = XCBuildConfiguration;
			buildSettings = {
				ASSETCATALOG_COMPILER_APPICON_NAME = AppIcon;
				CODE_SIGN_STYLE = Automatic;
				DEVELOPMENT_ASSET_PATHS = "\"Memorize/Preview Content\"";
				ENABLE_PREVIEWS = YES;
				INFOPLIST_FILE = Memorize/Info.plist;
				LD_RUNPATH_SEARCH_PATHS = (
					"$(inherited)",
					"@executable_path/Frameworks",
				);
				PRODUCT_BUNDLE_IDENTIFIER = "jp.ac.ed.tus-1215045.Memorize";
				PRODUCT_NAME = "$(TARGET_NAME)";
				SWIFT_VERSION = 5.0;
				TARGETED_DEVICE_FAMILY = "1,2";
			};
			name = Debug;
		};
		FC5110F924C955A200A8A0E4 /* Release */ = {
			isa = XCBuildConfiguration;
			buildSettings = {
				ASSETCATALOG_COMPILER_APPICON_NAME = AppIcon;
				CODE_SIGN_STYLE = Automatic;
				DEVELOPMENT_ASSET_PATHS = "\"Memorize/Preview Content\"";
				ENABLE_PREVIEWS = YES;
				INFOPLIST_FILE = Memorize/Info.plist;
				LD_RUNPATH_SEARCH_PATHS = (
					"$(inherited)",
					"@executable_path/Frameworks",
				);
				PRODUCT_BUNDLE_IDENTIFIER = "jp.ac.ed.tus-1215045.Memorize";
				PRODUCT_NAME = "$(TARGET_NAME)";
				SWIFT_VERSION = 5.0;
				TARGETED_DEVICE_FAMILY = "1,2";
			};
			name = Release;
		};
/* End XCBuildConfiguration section */

/* Begin XCConfigurationList section */
		FC5110DE24C955A000A8A0E4 /* Build configuration list for PBXProject "Memorize" */ = {
			isa = XCConfigurationList;
			buildConfigurations = (
				FC5110F524C955A200A8A0E4 /* Debug */,
				FC5110F624C955A200A8A0E4 /* Release */,
			);
			defaultConfigurationIsVisible = 0;
			defaultConfigurationName = Release;
		};
		FC5110F724C955A200A8A0E4 /* Build configuration list for PBXNativeTarget "Memorize" */ = {
			isa = XCConfigurationList;
			buildConfigurations = (
				FC5110F824C955A200A8A0E4 /* Debug */,
				FC5110F924C955A200A8A0E4 /* Release */,
			);
			defaultConfigurationIsVisible = 0;
			defaultConfigurationName = Release;
		};
/* End XCConfigurationList section */
	};
	rootObject = FC5110DB24C955A000A8A0E4 /* Project object */;
}
